{
    "_readme": [
        "This file locks the dependencies of your project to a known state",
        "Read more about it at https://getcomposer.org/doc/01-basic-usage.md#composer-lock-the-lock-file",
        "This file is @generated automatically"
    ],
    "hash": "2c957aed01e592feb75db4fb79b8ce14",
    "content-hash": "beb352940d1c5b4cd90edf24bf3c01d3",
    "packages": [
        {
            "name": "config/little",
            "version": "dev-master",
            "source": {
                "type": "git",
                "url": "https://github.com/fsoaresjunior/config.git",
                "reference": "6ebafeb7181a03ae6971a0051547f16f7edc0c97"
            },
            "dist": {
                "type": "zip",
                "url": "https://api.github.com/repos/fsoaresjunior/config/zipball/6ebafeb7181a03ae6971a0051547f16f7edc0c97",
                "reference": "6ebafeb7181a03ae6971a0051547f16f7edc0c97",
                "shasum": ""
            },
            "type": "library",
            "autoload": {
                "psr-4": {
                    "Config\\": "src/Config/"
                }
            },
            "notification-url": "https://packagist.org/downloads/",
            "license": [
                "MIT"
            ],
            "authors": [
                {
                    "name": "Antonio Erandir Feitosa Soares Junior",
                    "email": "aefs12junior@gmail.com"
                }
            ],
            "description": "Arquivos de configuração do framework little",
            "time": "2017-05-03 01:22:23"
        }
    ],
    "packages-dev": [],
    "aliases": [],
    "minimum-stability": "stable",
    "stability-flags": {
        "config/little": 20
    },
    "prefer-stable": false,
    "prefer-lowest": false,
    "platform": {
        "php": ">=7.0"
    },
    "platform-dev": []
}
