{
    "_readme": [
        "This file locks the dependencies of your project to a known state",
        "Read more about it at https://getcomposer.org/doc/01-basic-usage.md#composer-lock-the-lock-file",
        "This file is @generated automatically"
    ],
    "hash": "e5223583adc32ad6dd163faca0432948",
    "content-hash": "c9353bd3ef5bae0ede6250af85160754",
    "packages": [
        {
            "name": "config/little",
            "version": "v1.3.1",
            "source": {
                "type": "git",
                "url": "https://github.com/fsoaresjunior/config.git",
                "reference": "adfd6ae83df660152a94b9918852032790f9a5d2"
            },
            "dist": {
                "type": "zip",
                "url": "https://api.github.com/repos/fsoaresjunior/config/zipball/b689660c86b5a6ef937a2935f8fc7cdd238d9e1c",
                "reference": "adfd6ae83df660152a94b9918852032790f9a5d2",
                "shasum": ""
            },
            "type": "library",
            "autoload": {
                "psr-4": {
                    "Config\\": "src/Config/"
                }
            },
            "notification-url": "https://packagist.org/downloads/",
            "license": [
                "MIT"
            ],
            "authors": [
                {
                    "name": "Antonio Erandir Feitosa Soares Junior",
                    "email": "aefs12junior@gmail.com"
                }
            ],
            "description": "Arquivos de configuração do framework little",
            "time": "2017-05-03 18:35:38"
        }
    ],
    "packages-dev": [],
    "aliases": [],
    "minimum-stability": "stable",
    "stability-flags": [],
    "prefer-stable": false,
    "prefer-lowest": false,
    "platform": {
        "php": ">=7.0"
    },
    "platform-dev": []
}
